
Microsoft Visual Studio Solution File, Format Version 12.00
# Visual Studio Version 17
VisualStudioVersion = 17.0.31912.275
MinimumVisualStudioVersion = 10.0.40219.1
Project("{9A19103F-16F7-4668-BE54-9A1E7A4F7556}") = "EasySharpIni", "EasySharpIni\EasySharpIni.csproj", "{6686CE62-86AB-44F9-B7AF-DC9A31D5E0FE}"
EndProject
Project("{9A19103F-16F7-4668-BE54-9A1E7A4F7556}") = "IniExample", "IniExample\IniExample.csproj", "{EDAA669E-8B9D-408D-ACD5-DF3C9BC3ED04}"
EndProject
Project("{FAE04EC0-301F-11D3-BF4B-00C04F79EFBC}") = "IniBenchmarks", "IniBenchmarks\IniBenchmarks.csproj", "{54228390-42BF-4786-BF74-CA8CB94D010C}"
EndProject
Global
	GlobalSection(SolutionConfigurationPlatforms) = preSolution
		Debug|Any CPU = Debug|Any CPU
		Release|Any CPU = Release|Any CPU
	EndGlobalSection
	GlobalSection(ProjectConfigurationPlatforms) = postSolution
		{6686CE62-86AB-44F9-B7AF-DC9A31D5E0FE}.Debug|Any CPU.ActiveCfg = Debug|Any CPU
		{6686CE62-86AB-44F9-B7AF-DC9A31D5E0FE}.Debug|Any CPU.Build.0 = Debug|Any CPU
		{6686CE62-86AB-44F9-B7AF-DC9A31D5E0FE}.Release|Any CPU.ActiveCfg = Release|Any CPU
		{6686CE62-86AB-44F9-B7AF-DC9A31D5E0FE}.Release|Any CPU.Build.0 = Release|Any CPU
		{EDAA669E-8B9D-408D-ACD5-DF3C9BC3ED04}.Debug|Any CPU.ActiveCfg = Debug|Any CPU
		{EDAA669E-8B9D-408D-ACD5-DF3C9BC3ED04}.Debug|Any CPU.Build.0 = Debug|Any CPU
		{EDAA669E-8B9D-408D-ACD5-DF3C9BC3ED04}.Release|Any CPU.ActiveCfg = Release|Any CPU
		{EDAA669E-8B9D-408D-ACD5-DF3C9BC3ED04}.Release|Any CPU.Build.0 = Release|Any CPU
		{54228390-42BF-4786-BF74-CA8CB94D010C}.Debug|Any CPU.ActiveCfg = Debug|Any CPU
		{54228390-42BF-4786-BF74-CA8CB94D010C}.Debug|Any CPU.Build.0 = Debug|Any CPU
		{54228390-42BF-4786-BF74-CA8CB94D010C}.Release|Any CPU.ActiveCfg = Release|Any CPU
		{54228390-42BF-4786-BF74-CA8CB94D010C}.Release|Any CPU.Build.0 = Release|Any CPU
	EndGlobalSection
	GlobalSection(SolutionProperties) = preSolution
		HideSolutionNode = FALSE
	EndGlobalSection
	GlobalSection(ExtensibilityGlobals) = postSolution
		SolutionGuid = {586B68A4-5DA4-48B0-8F75-76DEE243533D}
	EndGlobalSection
EndGlobal
